
Microsoft Visual Studio Solution File, Format Version 12.00
# Visual Studio Version 16
VisualStudioVersion = 16.0.31205.134
MinimumVisualStudioVersion = 10.0.40219.1
Project("{FAE04EC0-301F-11D3-BF4B-00C04F79EFBC}") = "GITHUB_CORE_MVC", "GITHUB_CORE_MVC\GITHUB_CORE_MVC.csproj", "{5C9BE443-9F57-4F6B-AF3E-88E17AECD881}"
EndProject
Global
	GlobalSection(SolutionConfigurationPlatforms) = preSolution
		Debug|Any CPU = Debug|Any CPU
		Release|Any CPU = Release|Any CPU
	EndGlobalSection
	GlobalSection(ProjectConfigurationPlatforms) = postSolution
		{5C9BE443-9F57-4F6B-AF3E-88E17AECD881}.Debug|Any CPU.ActiveCfg = Debug|Any CPU
		{5C9BE443-9F57-4F6B-AF3E-88E17AECD881}.Debug|Any CPU.Build.0 = Debug|Any CPU
		{5C9BE443-9F57-4F6B-AF3E-88E17AECD881}.Release|Any CPU.ActiveCfg = Release|Any CPU
		{5C9BE443-9F57-4F6B-AF3E-88E17AECD881}.Release|Any CPU.Build.0 = Release|Any CPU
	EndGlobalSection
	GlobalSection(SolutionProperties) = preSolution
		HideSolutionNode = FALSE
	EndGlobalSection
	GlobalSection(ExtensibilityGlobals) = postSolution
		SolutionGuid = {77A64111-A1A9-45AA-BD60-76FB13DA099D}
	EndGlobalSection
EndGlobal
